{
    "_meta": {
        "hash": {
            "sha256": "7234987a646cb6247dc040581a7ca8ecaab2f401b56f02e8a80dbbd0277194d9"
        },
        "pipfile-spec": 6,
        "requires": {
            "python_version": "3.7"
        },
        "sources": [
            {
                "name": "pypi",
                "url": "https://pypi.org/simple",
                "verify_ssl": true
            }
        ]
    },
    "default": {
        "adal": {
            "hashes": [
                "sha256:7492aff8f0ba7dd4e1c477303295c645141540fff34c3ca6de0a0b0e6c1c122a",
                "sha256:8003ba03ef04170195b3eddda8a5ab43649ef2c5f0287023d515affb1ccfcfc3"
            ],
            "version": "==1.2.5"
        },
        "applicationinsights": {
            "hashes": [
                "sha256:30a11aafacea34f8b160fbdc35254c9029c7e325267874e3c68f6bdbcd6ed2c3",
                "sha256:b88bc5a41385d8e516489128d5e63f8c52efe597a3579b1718d1ab2f7cf150a2"
            ],
            "version": "==0.11.9"
        },
        "azure-common": {
            "hashes": [
                "sha256:ce0f1013e6d0e9faebaf3188cc069f4892fc60a6ec552e3f817c1a2f92835054",
                "sha256:fd02e4256dc9cdd2d4422bc795bdca2ef302f7a86148b154fbf4ea1f09da400a"
            ],
            "version": "==1.1.25"
        },
        "azure-core": {
            "hashes": [
                "sha256:621b53271f7988b766f8a7d7f7a2c44241e3d2c1d8db13e68089d6da6241748e",
                "sha256:be23d411e19874f375c2ef0327c452be10b1e9a1023ac6afe334598f2920136b"
            ],
            "version": "==1.8.2"
        },
        "azure-graphrbac": {
            "hashes": [
                "sha256:53e98ae2ca7c19b349e9e9bb1b6a824aeae8dcfcbe17190d20fe69c0f185b2e2",
                "sha256:7b4e0f05676acc912f2b33c71c328d9fb2e4dc8e70ebadc9d3de8ab08bf0b175"
            ],
            "version": "==0.61.1"
        },
        "azure-mgmt-authorization": {
            "hashes": [
                "sha256:38f8afcd5c0065e598305de15dbb6b81521ac1e05216049f10ca32a435fd5817",
                "sha256:f5cceea3add04e9445ea88492f15eecf6c126f0406d967c95f6e48b79be8db75"
            ],
            "version": "==0.61.0"
        },
        "azure-mgmt-containerregistry": {
            "hashes": [
                "sha256:7de7c542e29b441f3858447694c4e5ab933eeef74bce2dd5bdab32b6d521ecd3",
                "sha256:b24be1050d54f3158e8be7f6ad677f0c8888dddefd09fb8391ebfc73d40173a4"
            ],
            "version": "==2.8.0"
        },
        "azure-mgmt-core": {
            "hashes": [
                "sha256:a3906fa77edfedfcc3229dc3b69489d5ed63b107c7eacbc50092e6cbfbfd83f0",
                "sha256:bd4503a2d81b86780f15936af2e4244c1345062f4c2422f0b377b56cb80d7796"
            ],
            "version": "==1.2.1"
        },
        "azure-mgmt-keyvault": {
            "hashes": [
                "sha256:2c974c6114d8d27152642c82a975812790a5e86ccf609bf370a476d9ea0d2e7d",
                "sha256:99da24e9455f195d1e45a605af04d663e15cb5d5eb005b0ef60638474bbb2b3f"
            ],
            "version": "==8.0.0"
        },
        "azure-mgmt-resource": {
            "hashes": [
                "sha256:15bb46ef4b197426ce7ce8080a490c997111f3f3efe9f728cf8dc420982d54a2",
                "sha256:80ecb69aa21152b924edf481e4b26c641f11aa264120bc322a14284811df9c14"
            ],
            "version": "==15.0.0"
        },
        "azure-mgmt-storage": {
            "hashes": [
                "sha256:2f9d714d9722b1ef4bac6563676612e6e795c4e90f6f3cd323616fdadb0a99e5",
                "sha256:a819e421d50c0b58416b551d3e9e9a9cf6029714cf977ffaaee86a37572e7113"
            ],
            "version": "==16.0.0"
        },
        "azureml-core": {
            "hashes": [
                "sha256:748f4505c8b6b982ae173191563afec6dff809ec86549a3a10d1aa8c2b8e1f5a"
            ],
            "version": "==1.0.74"
        },
        "azureml-dataprep": {
            "extras": [
                "fuse"
            ],
            "hashes": [
                "sha256:718f74e1b1c082c174a84b3a43cf1d10495fbc1ab1151c66fb2746816579368e"
            ],
            "version": "==1.1.38"
        },
        "azureml-dataprep-native": {
            "hashes": [
                "sha256:00213574c5bacfe0d2761b7361b5d4dd973a8623ffa04ad43113b81268b66892",
                "sha256:06ddf872f60e546934227fca5538ae6dac85073503078c49f40518eac0723843",
                "sha256:20da581e467ab4623f800e67e428e3ed35a1f75e5d46854d19087d11bf30d917",
                "sha256:34de1cf17ef075b530338be68bf1ef0ddf417c181b4f4ddcf6aba120eec73d06",
                "sha256:3c1519b7bedf257b3d23c9148bc98abd6a76c7b2a5c4b6803d230d9b2cd3bbe5",
                "sha256:407f651cff53531fc03ab4749651e00a798c908704b22d5e22de5e269fc416bf",
                "sha256:7f87f6249a2a7b7dc4b89cbac1587980acf4e37cd505bdf5229b7a0d8755c184",
                "sha256:8f17816ce9d09d47411ff8c106e500915b24fbbe9a31adc64ffbb8ff6898d02e",
                "sha256:96ff6302bc940d01b8836e3ee8d61d1c4b672528ccc10798b91cb7977c884bd9",
                "sha256:c8fe3bee614f3f6961c7f2fbba268e1818edee581e7c746e26d07e36b2b3da35",
                "sha256:e40ebbab36dca457627ffbf8dcf7f0b731eedff23b54d82e8bde4b08e9ac9c90",
                "sha256:f5d37fd4eb25944beb32058917ce1f900ed37e19abc0607601e13f4059315256"
            ],
            "version": "==13.2.0"
        },
        "azureml-pipeline": {
            "hashes": [
                "sha256:e0e24f7c7fb7dfa90d518245da505e497d300b0de5d1e9eab62d86f2bde6d058"
            ],
            "version": "==1.0.74"
        },
        "azureml-pipeline-core": {
            "hashes": [
                "sha256:52b63eab05a7c7acb5cfc04d40be49eeb8a88478ef22f6e6f1fe7a0fc09c7978"
            ],
            "version": "==1.0.74"
        },
        "azureml-pipeline-steps": {
            "hashes": [
                "sha256:921683000da64fccc0273bcd2e4f6f469f663297143c305c2d0cc811527fdcb5"
            ],
            "version": "==1.0.74"
        },
        "azureml-sdk": {
            "hashes": [
                "sha256:104d1133c8ee1e82a09bf10000a1b49887d3ca43a5b7bb6bc42e059b2bd5bebf"
            ],
            "index": "pypi",
            "version": "==1.0.74"
        },
        "azureml-telemetry": {
            "hashes": [
                "sha256:39ce5bd60640963ae816d7fff6a93a6e97b705d572aa2c9c359f32540ad7d309"
            ],
            "version": "==1.0.74"
        },
        "azureml-train": {
            "hashes": [
                "sha256:057ba385b32350e3fc906fa23601cf39f6b3ff6211fc549b7b22498e63a4d61c"
            ],
            "version": "==1.0.74"
        },
        "azureml-train-core": {
            "hashes": [
                "sha256:0a10958d4eb8289a628801a6af561541795323dc5694a6b0e10274c41e2f4a33"
            ],
            "version": "==1.0.74"
        },
        "azureml-train-restclients-hyperdrive": {
            "hashes": [
                "sha256:b5cb5d97f99c0daf81f75550b311b76b53354a15063f350654b1c878ad607ca0"
            ],
            "version": "==1.0.74"
        },
        "backports.tempfile": {
            "hashes": [
                "sha256:05aa50940946f05759696156a8c39be118169a0e0f94a49d0bb106503891ff54",
                "sha256:1c648c452e8770d759bdc5a5e2431209be70d25484e1be24876cf2168722c762"
            ],
            "version": "==1.0"
        },
        "backports.weakref": {
            "hashes": [
                "sha256:81bc9b51c0abc58edc76aefbbc68c62a787918ffe943a37947e162c3f8e19e82",
                "sha256:bc4170a29915f8b22c9e7c4939701859650f2eb84184aee80da329ac0b9825c2"
            ],
            "version": "==1.0.post1"
        },
        "certifi": {
            "hashes": [
                "sha256:5930595817496dd21bb8dc35dad090f1c2cd0adfaf21204bf6732ca5d8ee34d3",
                "sha256:8fc0819f1f30ba15bdb34cceffb9ef04d99f420f68eb75d901e9560b8749fc41"
            ],
            "version": "==2020.6.20"
        },
        "cffi": {
            "hashes": [
                "sha256:005f2bfe11b6745d726dbb07ace4d53f057de66e336ff92d61b8c7e9c8f4777d",
                "sha256:09e96138280241bd355cd585148dec04dbbedb4f46128f340d696eaafc82dd7b",
                "sha256:0b1ad452cc824665ddc682400b62c9e4f5b64736a2ba99110712fdee5f2505c4",
                "sha256:0ef488305fdce2580c8b2708f22d7785ae222d9825d3094ab073e22e93dfe51f",
                "sha256:15f351bed09897fbda218e4db5a3d5c06328862f6198d4fb385f3e14e19decb3",
                "sha256:22399ff4870fb4c7ef19fff6eeb20a8bbf15571913c181c78cb361024d574579",
                "sha256:23e5d2040367322824605bc29ae8ee9175200b92cb5483ac7d466927a9b3d537",
                "sha256:2791f68edc5749024b4722500e86303a10d342527e1e3bcac47f35fbd25b764e",
                "sha256:2f9674623ca39c9ebe38afa3da402e9326c245f0f5ceff0623dccdac15023e05",
                "sha256:3363e77a6176afb8823b6e06db78c46dbc4c7813b00a41300a4873b6ba63b171",
                "sha256:33c6cdc071ba5cd6d96769c8969a0531be2d08c2628a0143a10a7dcffa9719ca",
                "sha256:3b8eaf915ddc0709779889c472e553f0d3e8b7bdf62dab764c8921b09bf94522",
                "sha256:3cb3e1b9ec43256c4e0f8d2837267a70b0e1ca8c4f456685508ae6106b1f504c",
                "sha256:3eeeb0405fd145e714f7633a5173318bd88d8bbfc3dd0a5751f8c4f70ae629bc",
                "sha256:44f60519595eaca110f248e5017363d751b12782a6f2bd6a7041cba275215f5d",
                "sha256:4d7c26bfc1ea9f92084a1d75e11999e97b62d63128bcc90c3624d07813c52808",
                "sha256:529c4ed2e10437c205f38f3691a68be66c39197d01062618c55f74294a4a4828",
                "sha256:6642f15ad963b5092d65aed022d033c77763515fdc07095208f15d3563003869",
                "sha256:85ba797e1de5b48aa5a8427b6ba62cf69607c18c5d4eb747604b7302f1ec382d",
                "sha256:8f0f1e499e4000c4c347a124fa6a27d37608ced4fe9f7d45070563b7c4c370c9",
                "sha256:a624fae282e81ad2e4871bdb767e2c914d0539708c0f078b5b355258293c98b0",
                "sha256:b0358e6fefc74a16f745afa366acc89f979040e0cbc4eec55ab26ad1f6a9bfbc",
                "sha256:bbd2f4dfee1079f76943767fce837ade3087b578aeb9f69aec7857d5bf25db15",
                "sha256:bf39a9e19ce7298f1bd6a9758fa99707e9e5b1ebe5e90f2c3913a47bc548747c",
                "sha256:c11579638288e53fc94ad60022ff1b67865363e730ee41ad5e6f0a17188b327a",
                "sha256:c150eaa3dadbb2b5339675b88d4573c1be3cb6f2c33a6c83387e10cc0bf05bd3",
                "sha256:c53af463f4a40de78c58b8b2710ade243c81cbca641e34debf3396a9640d6ec1",
                "sha256:cb763ceceae04803adcc4e2d80d611ef201c73da32d8f2722e9d0ab0c7f10768",
                "sha256:cc75f58cdaf043fe6a7a6c04b3b5a0e694c6a9e24050967747251fb80d7bce0d",
                "sha256:d80998ed59176e8cba74028762fbd9b9153b9afc71ea118e63bbf5d4d0f9552b",
                "sha256:de31b5164d44ef4943db155b3e8e17929707cac1e5bd2f363e67a56e3af4af6e",
                "sha256:e66399cf0fc07de4dce4f588fc25bfe84a6d1285cc544e67987d22663393926d",
                "sha256:f0620511387790860b249b9241c2f13c3a80e21a73e0b861a2df24e9d6f56730",
                "sha256:f4eae045e6ab2bb54ca279733fe4eb85f1effda392666308250714e01907f394",
                "sha256:f92cdecb618e5fa4658aeb97d5eb3d2f47aa94ac6477c6daf0f306c5a3b9e6b1",
                "sha256:f92f789e4f9241cd262ad7a555ca2c648a98178a953af117ef7fad46aa1d5591"
            ],
            "version": "==1.14.3"
        },
        "chardet": {
            "hashes": [
                "sha256:84ab92ed1c4d4f16916e05906b6b75a6c0fb5db821cc65e70cbd64a3e2a5eaae",
                "sha256:fc323ffcaeaed0e0a02bf4d117757b98aed530d9ed4531e3e15460124c106691"
            ],
            "version": "==3.0.4"
        },
        "cloudpickle": {
            "hashes": [
                "sha256:3a32d0eb0bc6f4d0c57fbc4f3e3780f7a81e6fee0fa935072884d58ae8e1cc7c",
                "sha256:9bc994f9e9447593bd0a45371f0e7ac7333710fcf64a4eb9834bf149f4ef2f32"
            ],
            "version": "==1.6.0"
        },
        "contextlib2": {
            "hashes": [
                "sha256:01f490098c18b19d2bd5bb5dc445b2054d2fa97f09a4280ba2c5f3c394c8162e",
                "sha256:3355078a159fbb44ee60ea80abd0d87b80b78c248643b49aa6d94673b413609b"
            ],
            "version": "==0.6.0.post1"
        },
        "cryptography": {
            "hashes": [
                "sha256:22f8251f68953553af4f9c11ec5f191198bc96cff9f0ac5dd5ff94daede0ee6d",
                "sha256:284e275e3c099a80831f9898fb5c9559120d27675c3521278faba54e584a7832",
                "sha256:3e17d02941c0f169c5b877597ca8be895fca0e5e3eb882526a74aa4804380a98",
                "sha256:52a47e60953679eea0b4d490ca3c241fb1b166a7b161847ef4667dfd49e7699d",
                "sha256:57b8c1ed13b8aa386cabbfde3be175d7b155682470b0e259fecfe53850967f8a",
                "sha256:6a8f64ed096d13f92d1f601a92d9fd1f1025dc73a2ca1ced46dcf5e0d4930943",
                "sha256:6e8a3c7c45101a7eeee93102500e1b08f2307c717ff553fcb3c1127efc9b6917",
                "sha256:7ef41304bf978f33cfb6f43ca13bb0faac0c99cda33693aa20ad4f5e34e8cb8f",
                "sha256:87c2fffd61e934bc0e2c927c3764c20b22d7f5f7f812ee1a477de4c89b044ca6",
                "sha256:88069392cd9a1e68d2cfd5c3a2b0d72a44ef3b24b8977a4f7956e9e3c4c9477a",
                "sha256:8a0866891326d3badb17c5fd3e02c926b635e8923fa271b4813cd4d972a57ff3",
                "sha256:8f0fd8b0751d75c4483c534b209e39e918f0d14232c0d8a2a76e687f64ced831",
                "sha256:9a07e6d255053674506091d63ab4270a119e9fc83462c7ab1dbcb495b76307af",
                "sha256:9a8580c9afcdcddabbd064c0a74f337af74ff4529cdf3a12fa2e9782d677a2e5",
                "sha256:bd80bc156d3729b38cb227a5a76532aef693b7ac9e395eea8063ee50ceed46a5",
                "sha256:d1cbc3426e6150583b22b517ef3720036d7e3152d428c864ff0f3fcad2b97591",
                "sha256:e15ac84dcdb89f92424cbaca4b0b34e211e7ce3ee7b0ec0e4f3c55cee65fae5a",
                "sha256:e4789b84f8dedf190148441f7c5bfe7244782d9cbb194a36e17b91e7d3e1cca9",
                "sha256:f01c9116bfb3ad2831e125a73dcd957d173d6ddca7701528eff1e7d97972872c",
                "sha256:f0e3986f6cce007216b23c490f093f35ce2068f3c244051e559f647f6731b7ae",
                "sha256:f2aa3f8ba9e2e3fd49bd3de743b976ab192fbf0eb0348cebde5d2a9de0090a9f",
                "sha256:fb70a4cedd69dc52396ee114416a3656e011fb0311fca55eb55c7be6ed9c8aef"
            ],
            "index": "pypi",
            "version": "==3.2"
        },
        "distro": {
            "hashes": [
                "sha256:0e58756ae38fbd8fc3020d54badb8eae17c5b9dcbed388b17bb55b8a5928df92",
                "sha256:df74eed763e18d10d0da624258524ae80486432cd17392d9c3d96f5e83cd2799"
            ],
            "version": "==1.5.0"
        },
        "docker": {
            "hashes": [
                "sha256:13966471e8bc23b36bfb3a6fb4ab75043a5ef1dac86516274777576bed3b9828",
                "sha256:bad94b8dd001a8a4af19ce4becc17f41b09f228173ffe6a4e0355389eef142f2"
            ],
            "version": "==4.3.1"
        },
        "dotnetcore2": {
            "hashes": [
                "sha256:4bc7e65ff12a2f8ef4798a0d4c7c9eb4c6370f114aceb194adaf1ac7c453d8e6",
                "sha256:4f61cb6885b19ca1e6a74e1f9ee5539c993be5f5dcb320530b6537e541d3bc9f",
                "sha256:87248bf5b5c751817025530bc1514e31f140e109f097a28ae8f8592fa7e4098d",
                "sha256:d4003dd41ba5b2a5c43495978a4d6216c552cd106b597ab64eeff04a5c1a7246"
            ],
            "version": "==2.1.17"
        },
        "fusepy": {
            "hashes": [
                "sha256:72ff783ec2f43de3ab394e3f7457605bf04c8cf288a2f4068b4cde141d4ee6bd"
            ],
            "version": "==3.0.1"
        },
        "idna": {
            "hashes": [
                "sha256:b307872f855b18632ce0c21c5e45be78c0ea7ae4c15c828c20788b26921eb3f6",
                "sha256:b97d804b1e9b523befed77c48dacec60e6dcb0b5391d57af6a65a312a90648c0"
            ],
            "version": "==2.10"
        },
        "importlib-metadata": {
            "hashes": [
                "sha256:77a540690e24b0305878c37ffd421785a6f7e53c8b5720d211b211de8d0e95da",
                "sha256:cefa1a2f919b866c5beb7c9f7b0ebb4061f30a8a9bf16d609b000e2dfaceb9c3"
            ],
            "version": "==2.0.0"
        },
        "isodate": {
            "hashes": [
                "sha256:2e364a3d5759479cdb2d37cce6b9376ea504db2ff90252a2e5b7cc89cc9ff2d8",
                "sha256:aa4d33c06640f5352aca96e4b81afd8ab3b47337cc12089822d6f322ac772c81"
            ],
            "version": "==0.6.0"
        },
        "jeepney": {
            "hashes": [
                "sha256:3479b861cc2b6407de5188695fa1a8d57e5072d7059322469b62628869b8e36e",
                "sha256:d6c6b49683446d2407d2fe3acb7a368a77ff063f9182fe427da15d622adc24cf"
            ],
            "version": "==0.4.3"
        },
        "jmespath": {
            "hashes": [
                "sha256:b85d0567b8666149a93172712e68920734333c0ce7e89b78b3e987f71e5ed4f9",
                "sha256:cdf6525904cc597730141d61b36f2e4b8ecc257c420fa2f4549bac2c2d0cb72f"
            ],
            "version": "==0.10.0"
        },
        "jsonpickle": {
            "hashes": [
                "sha256:8919c166bac0574e3d74425c7559434062002d9dfc0ac2afa6dc746ba4a19439",
                "sha256:e8d4b7cd0bd6826001a74377df1079a76ad8bae0f909282de2554164c837c8ba"
            ],
            "version": "==1.4.1"
        },
        "msrest": {
            "hashes": [
                "sha256:55f8c3940bc5dc609f8cf9fcd639444716cc212a943606756272e0d0017bbb5b",
                "sha256:87aa64948c3ef3dbf6f6956d2240493e68d714e4621b92b65b3c4d5808297929"
            ],
            "version": "==0.6.19"
        },
        "msrestazure": {
            "hashes": [
                "sha256:3de50f56147ef529b31e099a982496690468ecef33f0544cb0fa0cfe1e1de5b9",
                "sha256:a06f0dabc9a6f5efe3b6add4bd8fb623aeadacf816b7a35b0f89107e0544d189"
            ],
            "version": "==0.6.4"
        },
        "ndg-httpsclient": {
            "hashes": [
                "sha256:d2c7225f6a1c6cf698af4ebc962da70178a99bcde24ee6d1961c4f3338130d57",
                "sha256:d72faed0376ab039736c2ba12e30695e2788c4aa569c9c3e3d72131de2592210",
                "sha256:dd174c11d971b6244a891f7be2b32ca9853d3797a72edb34fa5d7b07d8fff7d4"
            ],
            "version": "==0.5.1"
        },
        "oauthlib": {
            "hashes": [
                "sha256:bee41cc35fcca6e988463cacc3bcb8a96224f470ca547e697b604cc697b2f889",
                "sha256:df884cd6cbe20e32633f1db1072e9356f53638e4361bef4e8b03c9127c9328ea"
            ],
            "version": "==3.1.0"
        },
        "pathspec": {
            "hashes": [
                "sha256:7d91249d21749788d07a2d0f94147accd8f845507400749ea19c1ec9054a12b0",
                "sha256:da45173eb3a6f2a5a487efba21f050af2b41948be6ab52b6a1e3ff22bb8b7061"
            ],
            "version": "==0.8.0"
        },
        "pyasn1": {
            "hashes": [
                "sha256:39c7e2ec30515947ff4e87fb6f456dfc6e84857d34be479c9d4a4ba4bf46aa5d",
                "sha256:aef77c9fb94a3ac588e87841208bdec464471d9871bd5050a287cc9a475cd0ba"
            ],
            "version": "==0.4.8"
        },
        "pycparser": {
            "hashes": [
                "sha256:2d475327684562c3a96cc71adf7dc8c4f0565175cf86b6d7a404ff4c771f15f0",
                "sha256:7582ad22678f0fcd81102833f60ef8d0e57288b6b5fb00323d101be910e35705"
            ],
            "version": "==2.20"
        },
        "pyjwt": {
            "hashes": [
                "sha256:5c6eca3c2940464d106b99ba83b00c6add741c9becaec087fb7ccdefea71350e",
                "sha256:8d59a976fb773f3e6a39c85636357c4f0e242707394cadadd9814f5cbaa20e96"
            ],
            "version": "==1.7.1"
        },
        "pyopenssl": {
            "hashes": [
                "sha256:621880965a720b8ece2f1b2f54ea2071966ab00e2970ad2ce11d596102063504",
                "sha256:9a24494b2602aaf402be5c9e30a0b82d4a5c67528fe8fb475e3f3bc00dd69507"
            ],
            "version": "==19.1.0"
        },
        "python-dateutil": {
            "hashes": [
                "sha256:73ebfe9dbf22e832286dafa60473e4cd239f8592f699aa5adaf10050e6e1823c",
                "sha256:75bb3f31ea686f1197762692a9ee6a7550b59fc6ca3a1f4b5d7e32fb98e2da2a"
            ],
            "version": "==2.8.1"
        },
        "python-dotenv": {
            "hashes": [
                "sha256:debd928b49dbc2bf68040566f55cdb3252458036464806f4094487244e2a4093",
                "sha256:f157d71d5fec9d4bd5f51c82746b6344dffa680ee85217c123f4a0c8117c4544"
            ],
            "index": "pypi",
            "version": "==0.10.3"
        },
        "pytz": {
            "hashes": [
                "sha256:a494d53b6d39c3c6e44c3bec237336e14305e4f29bbf800b599253057fbb79ed",
                "sha256:c35965d010ce31b23eeb663ed3cc8c906275d6be1a34393a1d73a41febf4a048"
            ],
            "version": "==2020.1"
        },
        "requests": {
            "hashes": [
                "sha256:b3559a131db72c33ee969480840fff4bb6dd111de7dd27c8ee1f820f4f00231b",
                "sha256:fe75cc94a9443b9246fc7049224f75604b113c36acb93f87b80ed42c44cbb898"
            ],
            "version": "==2.24.0"
        },
        "requests-oauthlib": {
            "hashes": [
                "sha256:7f71572defaecd16372f9006f33c2ec8c077c3cfa6f5911a9a90202beb513f3d",
                "sha256:b4261601a71fd721a8bd6d7aa1cc1d6a8a93b4a9f5e96626f8e4d91e8beeaa6a"
            ],
            "version": "==1.3.0"
        },
        "ruamel.yaml": {
            "hashes": [
                "sha256:0ae64b150ec39667ce2815227271207d27a6218bc501b73e70a7403f2cf987ee",
                "sha256:0e6aa488ec65fcaf7cca609d83a2b0e13d429a6080dd6ef3fd89dcbf67f13c1d",
                "sha256:1085219e373381c8a4ac911be2f167d2c67485af82199db0abee11cfe06283d5",
                "sha256:181aeecf6d037e34c325c191b0a14188921964dd02c34a4d01bf7881060c22d0",
                "sha256:1bafe5773c559ef8e06d53f35bfcaad0510ef069db8b3fb50bf9816b3c531633",
                "sha256:20bc4549b86f7e5a558c06e51c97821d8b7658d4b01d3e21713a53db6f45779a",
                "sha256:325b5b1df1b29ecaaa3dab6745ee0a35d51e58aa19b90cab8ba11c498d438cb7",
                "sha256:3e89d657a11fee61120d304efcab92409ea4a21c9629626cbb7aabbac7b713d9",
                "sha256:551142c578813ee25e4952dda820701f0201d0292e8807e8fb5490d19bab8181",
                "sha256:6d8bf658b64ebeccb67bccccd01833cdbe5369c1436365d41052d23e5cbf716f",
                "sha256:76aadb21b3186599057c8874104c8467270307e12faed124dc5ee1cfcd4e240f",
                "sha256:86d034aa9e2ab3eacc5f75f5cd6a469a2af533b6d9e60ea92edbba540d21b9b7",
                "sha256:aa4bfa597c58f2efcae98add337ada85ded45288936a15ddc2d29ff3f5ce3ddf",
                "sha256:b76a4cf08e9392765cf6a25eae63a12fb27c6cc4a8ee5416a49cd54627151f46",
                "sha256:bd9976f13d14f6cb6da1748c7678198b6f9346cbbe0ad18eb74c024a7a2c0d08",
                "sha256:c3c1af293b9e6a84b5da3954f4ae81b30d07a626717cfb6f099ffe0901ff1eac",
                "sha256:c64ae6da2da174fce281a088d7634c6e545db5fb989a3cecec2aa9cef2634a92",
                "sha256:ca742877ea6948cb80c70aaf5d76011694eb072d98264a704b04ffc2d4c0d440",
                "sha256:cfefc391d5a3a7e8b1c6195f364d2f11f898f07eef277ef8e93a4e3ccafbd7c2",
                "sha256:f004249eb8b873c4f48361dc814450e47dab53b5312334cff0a9d381a4589f03",
                "sha256:fc6a2b2f4453944ab8bbe4d6d2eba0c864c098baa8487b08e4340a93a1f811c7",
                "sha256:fffc4dd4097451c0ae1c6cb89bbff1a8248fda6366adb08d1c7bbc4ea2e6a637"
            ],
            "version": "==0.15.89"
        },
        "secretstorage": {
            "hashes": [
                "sha256:15da8a989b65498e29be338b3b279965f1b8f09b9668bd8010da183024c8bff6",
                "sha256:b5ec909dde94d4ae2fa26af7c089036997030f0cf0a5cb372b4cccabd81c143b"
            ],
            "version": "==3.1.2"
        },
        "six": {
            "hashes": [
                "sha256:30639c035cdb23534cd4aa2dd52c3bf48f06e5f4a941509c8bafd8ce11080259",
                "sha256:8b74bedcbbbaca38ff6d7491d76f2b06b3592611af620f8426e82dddb04a5ced"
            ],
            "version": "==1.15.0"
        },
        "urllib3": {
            "hashes": [
                "sha256:8d7eaa5a82a1cac232164990f04874c594c9453ec55eef02eab885aa02fc17a2",
                "sha256:f5321fbe4bf3fefa0efd0bfe7fb14e90909eb62a48ccda331726b4319897dd5e"
            ],
            "version": "==1.25.11"
        },
        "websocket-client": {
            "hashes": [
                "sha256:0fc45c961324d79c781bab301359d5a1b00b13ad1b10415a4780229ef71a5549",
                "sha256:d735b91d6d1692a6a181f2a8c9e0238e5f6373356f561bb9dc4c7af36f452010"
            ],
            "version": "==0.57.0"
        },
        "zipp": {
            "hashes": [
                "sha256:102c24ef8f171fd729d46599845e95c7ab894a4cf45f5de11a44cc7444fb1108",
                "sha256:ed5eee1974372595f9e416cc7bbeeb12335201d8081ca8a0743c954d4446e5cb"
            ],
            "version": "==3.4.0"
        }
    },
    "develop": {}
}
